
Microsoft Visual Studio Solution File, Format Version 12.00
# Visual Studio Version 16
VisualStudioVersion = 16.0.31911.196
MinimumVisualStudioVersion = 10.0.40219.1
Project("{FAE04EC0-301F-11D3-BF4B-00C04F79EFBC}") = "ADAutomation", "ADAutomation.csproj", "{5904832E-FAE1-4B7C-8B67-B6CAD1135B02}"
EndProject
Global
	GlobalSection(SolutionConfigurationPlatforms) = preSolution
		Debug|Any CPU = Debug|Any CPU
		Release|Any CPU = Release|Any CPU
	EndGlobalSection
	GlobalSection(ProjectConfigurationPlatforms) = postSolution
		{5904832E-FAE1-4B7C-8B67-B6CAD1135B02}.Debug|Any CPU.ActiveCfg = Debug|Any CPU
		{5904832E-FAE1-4B7C-8B67-B6CAD1135B02}.Debug|Any CPU.Build.0 = Debug|Any CPU
		{5904832E-FAE1-4B7C-8B67-B6CAD1135B02}.Release|Any CPU.ActiveCfg = Release|Any CPU
		{5904832E-FAE1-4B7C-8B67-B6CAD1135B02}.Release|Any CPU.Build.0 = Release|Any CPU
	EndGlobalSection
	GlobalSection(SolutionProperties) = preSolution
		HideSolutionNode = FALSE
	EndGlobalSection
	GlobalSection(ExtensibilityGlobals) = postSolution
		SolutionGuid = {F109692A-9572-4970-9398-FA0EBD75C678}
	EndGlobalSection
EndGlobal
